
Microsoft Visual Studio Solution File, Format Version 12.00
# Visual Studio Version 17
VisualStudioVersion = 17.3.32901.215
MinimumVisualStudioVersion = 10.0.40219.1
Project("{9092AA53-FB77-4645-B42D-1CCCA6BD08BD}") = "Quintrix13th", "Quintrix13th\Quintrix13th.njsproj", "{4DE1C7B7-135D-4085-9103-5E180A639DBF}"
EndProject
Global
	GlobalSection(SolutionConfigurationPlatforms) = preSolution
		Debug|Any CPU = Debug|Any CPU
		Release|Any CPU = Release|Any CPU
	EndGlobalSection
	GlobalSection(ProjectConfigurationPlatforms) = postSolution
		{4DE1C7B7-135D-4085-9103-5E180A639DBF}.Debug|Any CPU.ActiveCfg = Debug|Any CPU
		{4DE1C7B7-135D-4085-9103-5E180A639DBF}.Debug|Any CPU.Build.0 = Debug|Any CPU
		{4DE1C7B7-135D-4085-9103-5E180A639DBF}.Release|Any CPU.ActiveCfg = Release|Any CPU
		{4DE1C7B7-135D-4085-9103-5E180A639DBF}.Release|Any CPU.Build.0 = Release|Any CPU
	EndGlobalSection
	GlobalSection(SolutionProperties) = preSolution
		HideSolutionNode = FALSE
	EndGlobalSection
	GlobalSection(ExtensibilityGlobals) = postSolution
		SolutionGuid = {004FD703-8A89-4369-83D0-3B47CE8E035E}
	EndGlobalSection
EndGlobal
